
Microsoft Visual Studio Solution File, Format Version 12.00
# Visual Studio Version 17
VisualStudioVersion = 17.11.35327.3
MinimumVisualStudioVersion = 10.0.40219.1
Project("{FAE04EC0-301F-11D3-BF4B-00C04F79EFBC}") = "InleverOpdracht", "InleverOpdracht\InleverOpdracht.csproj", "{C826E6B5-003E-4ED7-AB5E-AF156D20E9AB}"
EndProject
Global
	GlobalSection(SolutionConfigurationPlatforms) = preSolution
		Debug|Any CPU = Debug|Any CPU
		Release|Any CPU = Release|Any CPU
	EndGlobalSection
	GlobalSection(ProjectConfigurationPlatforms) = postSolution
		{C826E6B5-003E-4ED7-AB5E-AF156D20E9AB}.Debug|Any CPU.ActiveCfg = Debug|Any CPU
		{C826E6B5-003E-4ED7-AB5E-AF156D20E9AB}.Debug|Any CPU.Build.0 = Debug|Any CPU
		{C826E6B5-003E-4ED7-AB5E-AF156D20E9AB}.Debug|Any CPU.Deploy.0 = Debug|Any CPU
		{C826E6B5-003E-4ED7-AB5E-AF156D20E9AB}.Release|Any CPU.ActiveCfg = Release|Any CPU
		{C826E6B5-003E-4ED7-AB5E-AF156D20E9AB}.Release|Any CPU.Build.0 = Release|Any CPU
		{C826E6B5-003E-4ED7-AB5E-AF156D20E9AB}.Release|Any CPU.Deploy.0 = Release|Any CPU
	EndGlobalSection
	GlobalSection(SolutionProperties) = preSolution
		HideSolutionNode = FALSE
	EndGlobalSection
	GlobalSection(ExtensibilityGlobals) = postSolution
		SolutionGuid = {C5BB3141-D66B-4872-AE0C-927EF4E4EF72}
	EndGlobalSection
EndGlobal
